# This file is automatically @generated by Cargo.
# It is not intended for manual editing.
version = 3

[[package]]
name = "delgada"
version = "0.0.1"
dependencies = [
 "napi",
 "napi-build",
 "napi-derive",
]

[[package]]
name = "napi"
version = "1.7.11"
source = "registry+https://github.com/rust-lang/crates.io-index"
checksum = "2fd38e4945570d1fdc3052343410a5963c843e5797767009fabcd97dbe429bab"
dependencies = [
 "napi-sys",
 "winapi",
]

[[package]]
name = "napi-build"
version = "1.1.2"
source = "registry+https://github.com/rust-lang/crates.io-index"
checksum = "d46af3cd13ef452354c8704da88bfc4bfa38724ddb38963a5113099749710788"

[[package]]
name = "napi-derive"
version = "1.1.2"
source = "registry+https://github.com/rust-lang/crates.io-index"
checksum = "6ee880798e942fc785e2e234544b9db578019a1d7676f45dad7f38d432ab0fe4"
dependencies = [
 "proc-macro2",
 "quote",
 "syn",
]

[[package]]
name = "napi-sys"
version = "1.1.2"
source = "registry+https://github.com/rust-lang/crates.io-index"
checksum = "67cf20e0081fea04e044aa4adf74cfea8ddc0324eec2894b1c700f4cafc72a56"

[[package]]
name = "proc-macro2"
version = "1.0.32"
source = "registry+https://github.com/rust-lang/crates.io-index"
checksum = "ba508cc11742c0dc5c1659771673afbab7a0efab23aa17e854cbab0837ed0b43"
dependencies = [
 "unicode-xid",
]

[[package]]
name = "quote"
version = "1.0.10"
source = "registry+https://github.com/rust-lang/crates.io-index"
checksum = "38bc8cc6a5f2e3655e0899c1b848643b2562f853f114bfec7be120678e3ace05"
dependencies = [
 "proc-macro2",
]

[[package]]
name = "syn"
version = "1.0.82"
source = "registry+https://github.com/rust-lang/crates.io-index"
checksum = "8daf5dd0bb60cbd4137b1b587d2fc0ae729bc07cf01cd70b36a1ed5ade3b9d59"
dependencies = [
 "proc-macro2",
 "quote",
 "unicode-xid",
]

[[package]]
name = "unicode-xid"
version = "0.2.2"
source = "registry+https://github.com/rust-lang/crates.io-index"
checksum = "8ccb82d61f80a663efe1f787a51b16b5a51e3314d6ac365b08639f52387b33f3"

[[package]]
name = "winapi"
version = "0.3.9"
source = "registry+https://github.com/rust-lang/crates.io-index"
checksum = "5c839a674fcd7a98952e593242ea400abe93992746761e38641405d28b00f419"
dependencies = [
 "winapi-i686-pc-windows-gnu",
 "winapi-x86_64-pc-windows-gnu",
]

[[package]]
name = "winapi-i686-pc-windows-gnu"
version = "0.4.0"
source = "registry+https://github.com/rust-lang/crates.io-index"
checksum = "ac3b87c63620426dd9b991e5ce0329eff545bccbbb34f3be09ff6fb6ab51b7b6"

[[package]]
name = "winapi-x86_64-pc-windows-gnu"
version = "0.4.0"
source = "registry+https://github.com/rust-lang/crates.io-index"
checksum = "712e227841d057c1ee1cd2fb22fa7e5a5461ae8e48fa2ca79ec42cfc1931183f"
